
Microsoft Visual Studio Solution File, Format Version 12.00
# Visual Studio Version 16
VisualStudioVersion = 16.0.33927.289
MinimumVisualStudioVersion = 10.0.40219.1
Project("{2150E333-8FDC-42A3-9474-1A3956D46DE8}") = "Task0", "Task0", "{13147F8B-F69B-4F7C-9089-A1E8BB0EC8CD}"
EndProject
Project("{FAE04EC0-301F-11D3-BF4B-00C04F79EFBC}") = "Tyuiu.KosishnevaAN.Sprint2.Task0.V29", "Tyuiu.KosishnevaAN.Sprint2.Task0.V29\Tyuiu.KosishnevaAN.Sprint2.Task0.V29.csproj", "{95AC15D9-9154-440E-88C1-B24E3B79B447}"
EndProject
Project("{FAE04EC0-301F-11D3-BF4B-00C04F79EFBC}") = "Tyuiu.KosishnevaAN.Sprint2.Task0.V29.Lib", "Tyuiu.KosishnevaAN.Sprint2.Task0.V29.Lib\Tyuiu.KosishnevaAN.Sprint2.Task0.V29.Lib.csproj", "{D0015D3B-C173-4928-8637-C6F44B3BF338}"
EndProject
Project("{FAE04EC0-301F-11D3-BF4B-00C04F79EFBC}") = "Tyuiu.KosishnevaAN.Sprint2.Task0.V29.Test", "Tyuiu.KosishnevaAN.Sprint2.Task0.V29.Test\Tyuiu.KosishnevaAN.Sprint2.Task0.V29.Test.csproj", "{16348D98-E3D4-4B80-9599-9AC123DC542B}"
EndProject
Project("{2150E333-8FDC-42A3-9474-1A3956D46DE8}") = "Task1", "Task1", "{D0722F35-73B5-47FD-BFEE-1DE54A74620B}"
EndProject
Project("{FAE04EC0-301F-11D3-BF4B-00C04F79EFBC}") = "Tyuiu.KosishnevaAN.Sprint2.Task1.V30", "Tyuiu.KosishnevaAN.Sprint2.Task1.V30\Tyuiu.KosishnevaAN.Sprint2.Task1.V30.csproj", "{29C53264-667B-43BC-B5AE-F914EE7529C3}"
EndProject
Project("{FAE04EC0-301F-11D3-BF4B-00C04F79EFBC}") = "Tyuiu.KosishnevaAN.Sprint2.Task1.V30.Lib", "Tyuiu.KosishnevaAN.Sprint2.Task1.V30.Lib\Tyuiu.KosishnevaAN.Sprint2.Task1.V30.Lib.csproj", "{C2BA9793-949B-4AEB-8814-98F1AC94DD8C}"
EndProject
Project("{FAE04EC0-301F-11D3-BF4B-00C04F79EFBC}") = "Tyuiu.KosishnevaAN.Sprint2.Task1.V30.Test", "Tyuiu.KosishnevaAN.Sprint2.Task1.V30.Test\Tyuiu.KosishnevaAN.Sprint2.Task1.V30.Test.csproj", "{A7E39FAA-E93E-4A71-84AC-6E6C97C421D9}"
EndProject
Project("{2150E333-8FDC-42A3-9474-1A3956D46DE8}") = "Task2", "Task2", "{E8C84DF0-5506-4CD4-A546-B71EC2146DB9}"
EndProject
Project("{FAE04EC0-301F-11D3-BF4B-00C04F79EFBC}") = "Tyuiu.KosishnevaAN.Sprint2.Task2.V9", "Tyuiu.KosishnevaAN.Sprint2.Task2.V9\Tyuiu.KosishnevaAN.Sprint2.Task2.V9.csproj", "{66A7EBBD-CC06-4648-8B44-FD9B92AFCBE7}"
EndProject
Project("{FAE04EC0-301F-11D3-BF4B-00C04F79EFBC}") = "Tyuiu.KosishnevaAN.Sprint2.Task2.V9.Lib", "Tyuiu.KosishnevaAN.Sprint2.Task2.V9.Lib\Tyuiu.KosishnevaAN.Sprint2.Task2.V9.Lib.csproj", "{299AE673-D57F-4C34-B75C-0136DA537446}"
EndProject
Project("{FAE04EC0-301F-11D3-BF4B-00C04F79EFBC}") = "Tyuiu.KosishnevaAN.Sprint2.Task2.V9.Test", "Tyuiu.KosishnevaAN.Sprint2.Task2.V9.Test\Tyuiu.KosishnevaAN.Sprint2.Task2.V9.Test.csproj", "{C120B219-A9FC-4361-A64F-25A71C627C9B}"
EndProject
Project("{2150E333-8FDC-42A3-9474-1A3956D46DE8}") = "Task3", "Task3", "{E38AE47B-EB24-4460-BB9D-CA364C400CA3}"
EndProject
Project("{FAE04EC0-301F-11D3-BF4B-00C04F79EFBC}") = "Tyuiu.KosishnevaAN.Sprint2.Task3.V8", "Tyuiu.KosishnevaAN.Sprint2.Task3.V8\Tyuiu.KosishnevaAN.Sprint2.Task3.V8.csproj", "{D88F0EC3-B769-4A3A-94FE-919DA45C9C30}"
EndProject
Project("{FAE04EC0-301F-11D3-BF4B-00C04F79EFBC}") = "Tyuiu.KosishnevaAN.Sprint2.Task3.V8.Lib", "Tyuiu.KosishnevaAN.Sprint2.Task3.V8.Lib\Tyuiu.KosishnevaAN.Sprint2.Task3.V8.Lib.csproj", "{01688427-BB24-48DD-A791-4460A64C8BED}"
EndProject
Project("{FAE04EC0-301F-11D3-BF4B-00C04F79EFBC}") = "Tyuiu.KosishnevaAN.Sprint2.Task3.V8.Test", "Tyuiu.KosishnevaAN.Sprint2.Task3.V8.Test\Tyuiu.KosishnevaAN.Sprint2.Task3.V8.Test.csproj", "{237693D1-EAD3-461C-A9FE-17F3A2B3E04E}"
EndProject
Project("{2150E333-8FDC-42A3-9474-1A3956D46DE8}") = "Task4", "Task4", "{DF15DEB1-9214-4C31-9A3C-FB6A28D32E02}"
EndProject
Project("{FAE04EC0-301F-11D3-BF4B-00C04F79EFBC}") = "Tyuiu.KosishnevaAN.Sprint1.Task4.V9", "Tyuiu.KosishnevaAN.Sprint1.Task4.V9\Tyuiu.KosishnevaAN.Sprint1.Task4.V9.csproj", "{BE4CD996-BE0B-4795-A9B6-462D62CABA5C}"
EndProject
Project("{FAE04EC0-301F-11D3-BF4B-00C04F79EFBC}") = "Tyuiu.KosishnevaAN.Sprint2.Task4.V9.Lib", "Tyuiu.KosishnevaAN.Sprint2.Task4.V9.Lib\Tyuiu.KosishnevaAN.Sprint2.Task4.V9.Lib.csproj", "{DFA8990A-DA1B-4FD1-A5E4-2242F2842C07}"
EndProject
Project("{FAE04EC0-301F-11D3-BF4B-00C04F79EFBC}") = "Tyuiu.KosishnevaAN.Sprint2.Task4.V9.Test", "Tyuiu.KosishnevaAN.Sprint2.Task4.V9.Test\Tyuiu.KosishnevaAN.Sprint2.Task4.V9.Test.csproj", "{C1915B3F-3029-4D6C-969B-FB3E4376F744}"
EndProject
Global
	GlobalSection(SolutionConfigurationPlatforms) = preSolution
		Debug|Any CPU = Debug|Any CPU
		Release|Any CPU = Release|Any CPU
	EndGlobalSection
	GlobalSection(ProjectConfigurationPlatforms) = postSolution
		{95AC15D9-9154-440E-88C1-B24E3B79B447}.Debug|Any CPU.ActiveCfg = Debug|Any CPU
		{95AC15D9-9154-440E-88C1-B24E3B79B447}.Debug|Any CPU.Build.0 = Debug|Any CPU
		{95AC15D9-9154-440E-88C1-B24E3B79B447}.Release|Any CPU.ActiveCfg = Release|Any CPU
		{95AC15D9-9154-440E-88C1-B24E3B79B447}.Release|Any CPU.Build.0 = Release|Any CPU
		{D0015D3B-C173-4928-8637-C6F44B3BF338}.Debug|Any CPU.ActiveCfg = Debug|Any CPU
		{D0015D3B-C173-4928-8637-C6F44B3BF338}.Debug|Any CPU.Build.0 = Debug|Any CPU
		{D0015D3B-C173-4928-8637-C6F44B3BF338}.Release|Any CPU.ActiveCfg = Release|Any CPU
		{D0015D3B-C173-4928-8637-C6F44B3BF338}.Release|Any CPU.Build.0 = Release|Any CPU
		{16348D98-E3D4-4B80-9599-9AC123DC542B}.Debug|Any CPU.ActiveCfg = Debug|Any CPU
		{16348D98-E3D4-4B80-9599-9AC123DC542B}.Debug|Any CPU.Build.0 = Debug|Any CPU
		{16348D98-E3D4-4B80-9599-9AC123DC542B}.Release|Any CPU.ActiveCfg = Release|Any CPU
		{16348D98-E3D4-4B80-9599-9AC123DC542B}.Release|Any CPU.Build.0 = Release|Any CPU
		{29C53264-667B-43BC-B5AE-F914EE7529C3}.Debug|Any CPU.ActiveCfg = Debug|Any CPU
		{29C53264-667B-43BC-B5AE-F914EE7529C3}.Debug|Any CPU.Build.0 = Debug|Any CPU
		{29C53264-667B-43BC-B5AE-F914EE7529C3}.Release|Any CPU.ActiveCfg = Release|Any CPU
		{29C53264-667B-43BC-B5AE-F914EE7529C3}.Release|Any CPU.Build.0 = Release|Any CPU
		{C2BA9793-949B-4AEB-8814-98F1AC94DD8C}.Debug|Any CPU.ActiveCfg = Debug|Any CPU
		{C2BA9793-949B-4AEB-8814-98F1AC94DD8C}.Debug|Any CPU.Build.0 = Debug|Any CPU
		{C2BA9793-949B-4AEB-8814-98F1AC94DD8C}.Release|Any CPU.ActiveCfg = Release|Any CPU
		{C2BA9793-949B-4AEB-8814-98F1AC94DD8C}.Release|Any CPU.Build.0 = Release|Any CPU
		{A7E39FAA-E93E-4A71-84AC-6E6C97C421D9}.Debug|Any CPU.ActiveCfg = Debug|Any CPU
		{A7E39FAA-E93E-4A71-84AC-6E6C97C421D9}.Debug|Any CPU.Build.0 = Debug|Any CPU
		{A7E39FAA-E93E-4A71-84AC-6E6C97C421D9}.Release|Any CPU.ActiveCfg = Release|Any CPU
		{A7E39FAA-E93E-4A71-84AC-6E6C97C421D9}.Release|Any CPU.Build.0 = Release|Any CPU
		{66A7EBBD-CC06-4648-8B44-FD9B92AFCBE7}.Debug|Any CPU.ActiveCfg = Debug|Any CPU
		{66A7EBBD-CC06-4648-8B44-FD9B92AFCBE7}.Debug|Any CPU.Build.0 = Debug|Any CPU
		{66A7EBBD-CC06-4648-8B44-FD9B92AFCBE7}.Release|Any CPU.ActiveCfg = Release|Any CPU
		{66A7EBBD-CC06-4648-8B44-FD9B92AFCBE7}.Release|Any CPU.Build.0 = Release|Any CPU
		{299AE673-D57F-4C34-B75C-0136DA537446}.Debug|Any CPU.ActiveCfg = Debug|Any CPU
		{299AE673-D57F-4C34-B75C-0136DA537446}.Debug|Any CPU.Build.0 = Debug|Any CPU
		{299AE673-D57F-4C34-B75C-0136DA537446}.Release|Any CPU.ActiveCfg = Release|Any CPU
		{299AE673-D57F-4C34-B75C-0136DA537446}.Release|Any CPU.Build.0 = Release|Any CPU
		{C120B219-A9FC-4361-A64F-25A71C627C9B}.Debug|Any CPU.ActiveCfg = Debug|Any CPU
		{C120B219-A9FC-4361-A64F-25A71C627C9B}.Debug|Any CPU.Build.0 = Debug|Any CPU
		{C120B219-A9FC-4361-A64F-25A71C627C9B}.Release|Any CPU.ActiveCfg = Release|Any CPU
		{C120B219-A9FC-4361-A64F-25A71C627C9B}.Release|Any CPU.Build.0 = Release|Any CPU
		{D88F0EC3-B769-4A3A-94FE-919DA45C9C30}.Debug|Any CPU.ActiveCfg = Debug|Any CPU
		{D88F0EC3-B769-4A3A-94FE-919DA45C9C30}.Debug|Any CPU.Build.0 = Debug|Any CPU
		{D88F0EC3-B769-4A3A-94FE-919DA45C9C30}.Release|Any CPU.ActiveCfg = Release|Any CPU
		{D88F0EC3-B769-4A3A-94FE-919DA45C9C30}.Release|Any CPU.Build.0 = Release|Any CPU
		{01688427-BB24-48DD-A791-4460A64C8BED}.Debug|Any CPU.ActiveCfg = Debug|Any CPU
		{01688427-BB24-48DD-A791-4460A64C8BED}.Debug|Any CPU.Build.0 = Debug|Any CPU
		{01688427-BB24-48DD-A791-4460A64C8BED}.Release|Any CPU.ActiveCfg = Release|Any CPU
		{01688427-BB24-48DD-A791-4460A64C8BED}.Release|Any CPU.Build.0 = Release|Any CPU
		{237693D1-EAD3-461C-A9FE-17F3A2B3E04E}.Debug|Any CPU.ActiveCfg = Debug|Any CPU
		{237693D1-EAD3-461C-A9FE-17F3A2B3E04E}.Debug|Any CPU.Build.0 = Debug|Any CPU
		{237693D1-EAD3-461C-A9FE-17F3A2B3E04E}.Release|Any CPU.ActiveCfg = Release|Any CPU
		{237693D1-EAD3-461C-A9FE-17F3A2B3E04E}.Release|Any CPU.Build.0 = Release|Any CPU
		{BE4CD996-BE0B-4795-A9B6-462D62CABA5C}.Debug|Any CPU.ActiveCfg = Debug|Any CPU
		{BE4CD996-BE0B-4795-A9B6-462D62CABA5C}.Debug|Any CPU.Build.0 = Debug|Any CPU
		{BE4CD996-BE0B-4795-A9B6-462D62CABA5C}.Release|Any CPU.ActiveCfg = Release|Any CPU
		{BE4CD996-BE0B-4795-A9B6-462D62CABA5C}.Release|Any CPU.Build.0 = Release|Any CPU
		{DFA8990A-DA1B-4FD1-A5E4-2242F2842C07}.Debug|Any CPU.ActiveCfg = Debug|Any CPU
		{DFA8990A-DA1B-4FD1-A5E4-2242F2842C07}.Debug|Any CPU.Build.0 = Debug|Any CPU
		{DFA8990A-DA1B-4FD1-A5E4-2242F2842C07}.Release|Any CPU.ActiveCfg = Release|Any CPU
		{DFA8990A-DA1B-4FD1-A5E4-2242F2842C07}.Release|Any CPU.Build.0 = Release|Any CPU
		{C1915B3F-3029-4D6C-969B-FB3E4376F744}.Debug|Any CPU.ActiveCfg = Debug|Any CPU
		{C1915B3F-3029-4D6C-969B-FB3E4376F744}.Debug|Any CPU.Build.0 = Debug|Any CPU
		{C1915B3F-3029-4D6C-969B-FB3E4376F744}.Release|Any CPU.ActiveCfg = Release|Any CPU
		{C1915B3F-3029-4D6C-969B-FB3E4376F744}.Release|Any CPU.Build.0 = Release|Any CPU
	EndGlobalSection
	GlobalSection(SolutionProperties) = preSolution
		HideSolutionNode = FALSE
	EndGlobalSection
	GlobalSection(NestedProjects) = preSolution
		{95AC15D9-9154-440E-88C1-B24E3B79B447} = {13147F8B-F69B-4F7C-9089-A1E8BB0EC8CD}
		{D0015D3B-C173-4928-8637-C6F44B3BF338} = {13147F8B-F69B-4F7C-9089-A1E8BB0EC8CD}
		{16348D98-E3D4-4B80-9599-9AC123DC542B} = {13147F8B-F69B-4F7C-9089-A1E8BB0EC8CD}
		{29C53264-667B-43BC-B5AE-F914EE7529C3} = {D0722F35-73B5-47FD-BFEE-1DE54A74620B}
		{C2BA9793-949B-4AEB-8814-98F1AC94DD8C} = {D0722F35-73B5-47FD-BFEE-1DE54A74620B}
		{A7E39FAA-E93E-4A71-84AC-6E6C97C421D9} = {D0722F35-73B5-47FD-BFEE-1DE54A74620B}
		{66A7EBBD-CC06-4648-8B44-FD9B92AFCBE7} = {E8C84DF0-5506-4CD4-A546-B71EC2146DB9}
		{299AE673-D57F-4C34-B75C-0136DA537446} = {E8C84DF0-5506-4CD4-A546-B71EC2146DB9}
		{C120B219-A9FC-4361-A64F-25A71C627C9B} = {E8C84DF0-5506-4CD4-A546-B71EC2146DB9}
		{D88F0EC3-B769-4A3A-94FE-919DA45C9C30} = {E38AE47B-EB24-4460-BB9D-CA364C400CA3}
		{01688427-BB24-48DD-A791-4460A64C8BED} = {E38AE47B-EB24-4460-BB9D-CA364C400CA3}
		{237693D1-EAD3-461C-A9FE-17F3A2B3E04E} = {E38AE47B-EB24-4460-BB9D-CA364C400CA3}
		{BE4CD996-BE0B-4795-A9B6-462D62CABA5C} = {DF15DEB1-9214-4C31-9A3C-FB6A28D32E02}
		{DFA8990A-DA1B-4FD1-A5E4-2242F2842C07} = {DF15DEB1-9214-4C31-9A3C-FB6A28D32E02}
		{C1915B3F-3029-4D6C-969B-FB3E4376F744} = {DF15DEB1-9214-4C31-9A3C-FB6A28D32E02}
	EndGlobalSection
	GlobalSection(ExtensibilityGlobals) = postSolution
		SolutionGuid = {31E2918B-6F84-4D4C-A0D0-2C0EAED14E83}
	EndGlobalSection
EndGlobal
